{
  "name": "javascript",
  "lockfileVersion": 3,
  "requires": true,
  "packages": {
    "": {
      "dependencies": {
        "@sanity/functions": "latest"
      }
    },
    "node_modules/@sanity/functions": {
      "version": "1.0.3",
      "resolved": "https://registry.npmjs.org/@sanity/functions/-/functions-1.0.3.tgz",
      "integrity": "sha512-aEDxl52oAmxinHIMwnUhy4sOGzuMH0NY+52GkEpLoK4Nw+2k45lvYIF7tqc8HxwYF9fKVyYaZ4PXOJpgeMn9/g==",
      "license": "MIT",
      "engines": {
        "node": ">=20"
      }
    }
  }
}
