# THIS IS AN AUTOGENERATED FILE. DO NOT EDIT THIS FILE DIRECTLY.
# yarn lockfile v1


"@sanity/blueprints@0.1.0":
  version "0.1.0"
  resolved "https://registry.yarnpkg.com/@sanity/blueprints/-/blueprints-0.1.0.tgz#39fdb0f21c4085f91c78622c1c5ba9247090455e"
  integrity sha512-rC2iqJOsU1Jqw2YYiLqnGHJMr9PFTVVAxxPtjjmL8uETwSS9UR4ozgPNSGM+qudUPgM18NfsZZ1Jrcy3cB8B4Q==

"@sanity/functions@^1.0.3":
  version "1.0.3"
  resolved "https://registry.yarnpkg.com/@sanity/functions/-/functions-1.0.3.tgz#9487a6ef144e22e0d5705b2c90d2bbc5c9bc2066"
  integrity sha512-aEDxl52oAmxinHIMwnUhy4sOGzuMH0NY+52GkEpLoK4Nw+2k45lvYIF7tqc8HxwYF9fKVyYaZ4PXOJpgeMn9/g==
